{
  "name": "node-js-light-sync",
  "version": "1.0.1",
  "lockfileVersion": 3,
  "requires": true,
  "packages": {
    "": {
      "name": "node-js-light-sync",
      "version": "1.0.1",
      "license": "ISC",
      "dependencies": {
        "ncrypt-js": "^2.1.1",
        "typescript": "^5.5.3"
      },
      "devDependencies": {
        "@types/node": "^22.0.2"
      }
    },
    "node_modules/@types/node": {
      "version": "22.0.2",
      "resolved": "https://registry.npmjs.org/@types/node/-/node-22.0.2.tgz",
      "integrity": "sha512-yPL6DyFwY5PiMVEwymNeqUTKsDczQBJ/5T7W/46RwLU/VH+AA8aT5TZkvBviLKLbbm0hlfftEkGrNzfRk/fofQ==",
      "dev": true,
      "dependencies": {
        "undici-types": "~6.11.1"
      }
    },
    "node_modules/ncrypt-js": {
      "version": "2.1.1",
      "resolved": "https://registry.npmjs.org/ncrypt-js/-/ncrypt-js-2.1.1.tgz",
      "integrity": "sha512-GGFrnBLKTx1uSLNNIN+zKvPrcAFKL7vo/ghrhg9Sc1cJSi6Xti2+SYZSkZetLt3EJRK5+k9cXB5Bjd8C5ZKEVA=="
    },
    "node_modules/typescript": {
      "version": "5.5.3",
      "resolved": "https://registry.npmjs.org/typescript/-/typescript-5.5.3.tgz",
      "integrity": "sha512-/hreyEujaB0w76zKo6717l3L0o/qEUtRgdvUBvlkhoWeOVMjMuHNHk0BRBzikzuGDqNmPQbg5ifMEqsHLiIUcQ==",
      "bin": {
        "tsc": "bin/tsc",
        "tsserver": "bin/tsserver"
      },
      "engines": {
        "node": ">=14.17"
      }
    },
    "node_modules/undici-types": {
      "version": "6.11.1",
      "resolved": "https://registry.npmjs.org/undici-types/-/undici-types-6.11.1.tgz",
      "integrity": "sha512-mIDEX2ek50x0OlRgxryxsenE5XaQD4on5U2inY7RApK3SOJpofyw7uW2AyfMKkhAxXIceo2DeWGVGwyvng1GNQ==",
      "dev": true
    }
  }
}
